
Microsoft Visual Studio Solution File, Format Version 12.00
# Visual Studio Version 16
VisualStudioVersion = 16.0.29728.190
MinimumVisualStudioVersion = 10.0.40219.1
Project("{FAE04EC0-301F-11D3-BF4B-00C04F79EFBC}") = "SISTEMADECLINICA", "SISTEMADECLINICA.csproj", "{63CD3066-B1C5-4E7B-9050-E15C9CDCE551}"
EndProject
Global
	GlobalSection(SolutionConfigurationPlatforms) = preSolution
		Debug|Any CPU = Debug|Any CPU
		Release|Any CPU = Release|Any CPU
	EndGlobalSection
	GlobalSection(ProjectConfigurationPlatforms) = postSolution
		{63CD3066-B1C5-4E7B-9050-E15C9CDCE551}.Debug|Any CPU.ActiveCfg = Debug|Any CPU
		{63CD3066-B1C5-4E7B-9050-E15C9CDCE551}.Debug|Any CPU.Build.0 = Debug|Any CPU
		{63CD3066-B1C5-4E7B-9050-E15C9CDCE551}.Release|Any CPU.ActiveCfg = Release|Any CPU
		{63CD3066-B1C5-4E7B-9050-E15C9CDCE551}.Release|Any CPU.Build.0 = Release|Any CPU
	EndGlobalSection
	GlobalSection(SolutionProperties) = preSolution
		HideSolutionNode = FALSE
	EndGlobalSection
	GlobalSection(ExtensibilityGlobals) = postSolution
		SolutionGuid = {E5A35B08-C71B-4F2D-8BC7-24EF93FD444E}
	EndGlobalSection
EndGlobal
